{
  "nodes": {
    "IRC-Zeek-package": {
      "flake": false,
      "locked": {
        "lastModified": 1589900388,
        "narHash": "sha256-gbYZtxO19KwyJQWaJuszQ6P3PTvbPykDRoYBjzZFlXQ=",
        "owner": "stratosphereips",
        "repo": "IRC-Zeek-package",
        "rev": "cdfee23b447cf2fe89618a0ed52e4aa537e7a0df",
        "type": "github"
      },
      "original": {
        "owner": "stratosphereips",
        "repo": "IRC-Zeek-package",
        "type": "github"
      }
    },
    "detect-ransomware-filenames": {
      "flake": false,
      "locked": {
        "lastModified": 1598550674,
        "narHash": "sha256-6N6xxvnB3VPniynFiTVpnEG0R0HsxE87A5+7rlMEB7M=",
        "owner": "corelight",
        "repo": "detect-ransomware-filenames",
        "rev": "484263a20e51b9ee4f0d69c67c458ea6819171ac",
        "type": "github"
      },
      "original": {
        "owner": "corelight",
        "repo": "detect-ransomware-filenames",
        "type": "github"
      }
    },
    "emacs-overlay": {
      "locked": {
        "lastModified": 1601180770,
        "narHash": "sha256-EFcFVjcAfughWrYLArsdHBTcxsV6v/PbQqyrIhtzunI=",
        "owner": "nix-community",
        "repo": "emacs-overlay",
        "rev": "9f0ac65857f41e134389317c6463cf2df6f05f75",
        "type": "github"
      },
      "original": {
        "owner": "nix-community",
        "repo": "emacs-overlay",
        "rev": "9f0ac65857f41e134389317c6463cf2df6f05f75",
        "type": "github"
      }
    },
    "flake-utils": {
      "locked": {
        "lastModified": 1601282935,
        "narHash": "sha256-WQAFV6sGGQxrRs3a+/Yj9xUYvhTpukQJIcMbIi7LCJ4=",
        "owner": "numtide",
        "repo": "flake-utils",
        "rev": "588973065fce51f4763287f0fda87a174d78bf48",
        "type": "github"
      },
      "original": {
        "owner": "numtide",
        "repo": "flake-utils",
        "type": "github"
      }
    },
    "flake-utils_2": {
      "locked": {
        "lastModified": 1601282935,
        "narHash": "sha256-WQAFV6sGGQxrRs3a+/Yj9xUYvhTpukQJIcMbIi7LCJ4=",
        "owner": "numtide",
        "repo": "flake-utils",
        "rev": "588973065fce51f4763287f0fda87a174d78bf48",
        "type": "github"
      },
      "original": {
        "owner": "numtide",
        "repo": "flake-utils",
        "type": "github"
      }
    },
    "hardenedlinux-pkgs": {
      "inputs": {
        "flake-utils": "flake-utils_2",
        "nixpkgs": "nixpkgs"
      },
      "locked": {
        "lastModified": 1601522904,
        "narHash": "sha256-GsdH10kPfoivNKyan+WbvnHj0nzqLnWB9xO947xPikk=",
        "owner": "hardenedlinux",
        "repo": "nixpkgs-hardenedlinux",
        "rev": "23b3489ff838bc1573e27485ca04253a9664c0bd",
        "type": "github"
      },
      "original": {
        "owner": "hardenedlinux",
        "ref": "master",
        "repo": "nixpkgs-hardenedlinux",
        "type": "github"
      }
    },
    "master": {
      "locked": {
        "lastModified": 1601419125,
        "narHash": "sha256-nWl+LD6H5IcEQ8SFuE7U8RAyYyOOlSJ/Cojs9kGckHU=",
        "owner": "NixOS",
        "repo": "nixpkgs",
        "rev": "703f052de185c3dd1218165e62b105a68e05e15f",
        "type": "github"
      },
      "original": {
        "id": "nixpkgs",
        "rev": "703f052de185c3dd1218165e62b105a68e05e15f",
        "type": "indirect"
      }
    },
    "nixpkgs": {
      "locked": {
        "lastModified": 1601252555,
        "narHash": "sha256-4PrnTqMQn9D24gD52KDrnG2NymfPkeqKWAFXOAyD9E0=",
        "owner": "NixOS",
        "repo": "nixpkgs",
        "rev": "684d5d27136f154775c95005dcce2d32943c7c9e",
        "type": "github"
      },
      "original": {
        "id": "nixpkgs",
        "rev": "684d5d27136f154775c95005dcce2d32943c7c9e",
        "type": "indirect"
      }
    },
    "nixpkgs_2": {
      "locked": {
        "lastModified": 1601252555,
        "narHash": "sha256-4PrnTqMQn9D24gD52KDrnG2NymfPkeqKWAFXOAyD9E0=",
        "owner": "NixOS",
        "repo": "nixpkgs",
        "rev": "684d5d27136f154775c95005dcce2d32943c7c9e",
        "type": "github"
      },
      "original": {
        "id": "nixpkgs",
        "rev": "684d5d27136f154775c95005dcce2d32943c7c9e",
        "type": "indirect"
      }
    },
    "root": {
      "inputs": {
        "IRC-Zeek-package": "IRC-Zeek-package",
        "detect-ransomware-filenames": "detect-ransomware-filenames",
        "emacs-overlay": "emacs-overlay",
        "flake-utils": "flake-utils",
        "hardenedlinux-pkgs": "hardenedlinux-pkgs",
        "master": "master",
        "nixpkgs": "nixpkgs_2",
        "spl-spt": "spl-spt",
        "zeek-EternalSafety": "zeek-EternalSafety"
      }
    },
    "spl-spt": {
      "flake": false,
      "locked": {
        "lastModified": 1586632986,
        "narHash": "sha256-qLvvlJvAPr+09Lf2YWfloc1joEYIjOfZ+TW0CVbXj+0=",
        "owner": "GTrunSec",
        "repo": "spl-spt",
        "rev": "1e33d19c70e9827ccf3c1444c20c41f94d7abd25",
        "type": "github"
      },
      "original": {
        "owner": "GTrunSec",
        "repo": "spl-spt",
        "type": "github"
      }
    },
    "zeek-EternalSafety": {
      "flake": false,
      "locked": {
        "lastModified": 1600933914,
        "narHash": "sha256-VVkxIMNcudI1FKxv56WEClG1NOjzHVx3nt2BNgG96LQ=",
        "owner": "lexibrent",
        "repo": "zeek-EternalSafety",
        "rev": "c5313aa64c511389b946d165cb1cdbfe646181ff",
        "type": "github"
      },
      "original": {
        "owner": "lexibrent",
        "repo": "zeek-EternalSafety",
        "type": "github"
      }
    }
  },
  "root": "root",
  "version": 7
}
